{
  "name": "node",
  "version": "1.0.0",
  "lockfileVersion": 3,
  "requires": true,
  "packages": {
    "": {
      "name": "node",
      "version": "1.0.0",
      "license": "ISC",
      "dependencies": {
        "@madamzelenkova/ajs": "^1.0.0"
      }
    },
    "node_modules/@madamzelenkova/ajs": {
      "version": "1.0.0",
      "resolved": "https://npm.pkg.github.com/download/@madamzelenkova/ajs/1.0.0/e7d22e19ef5247c28ada24dcadc977225b8cf1ce",
      "integrity": "sha512-FmTUsAY99ADPPZS0zrS4Uj0ADEIJ49ssUkAEzol9m43j4rgJ//YVmSEleZ7ePToYuUy9i+1CYLNeGLzGX+nrMw==",
      "license": "ISC"
    }
  }
}
